
Microsoft Visual Studio Solution File, Format Version 12.00
# Visual Studio 2013
VisualStudioVersion = 12.0.30723.0
MinimumVisualStudioVersion = 10.0.40219.1
Project("{FAE04EC0-301F-11D3-BF4B-00C04F79EFBC}") = "uMigrations.MvcTest", "uMigrations.MvcTest\uMigrations.MvcTest.csproj", "{2C04E4B4-EDEC-4F80-91F9-AA0FEA854086}"
EndProject
Project("{FAE04EC0-301F-11D3-BF4B-00C04F79EFBC}") = "uMigrations", "uMigrations\uMigrations.csproj", "{9B0C7557-7972-441B-B1E8-36C4B1C1AC9E}"
EndProject
Global
	GlobalSection(SolutionConfigurationPlatforms) = preSolution
		Debug|Any CPU = Debug|Any CPU
		Release|Any CPU = Release|Any CPU
	EndGlobalSection
	GlobalSection(ProjectConfigurationPlatforms) = postSolution
		{2C04E4B4-EDEC-4F80-91F9-AA0FEA854086}.Debug|Any CPU.ActiveCfg = Debug|Any CPU
		{2C04E4B4-EDEC-4F80-91F9-AA0FEA854086}.Debug|Any CPU.Build.0 = Debug|Any CPU
		{2C04E4B4-EDEC-4F80-91F9-AA0FEA854086}.Release|Any CPU.ActiveCfg = Release|Any CPU
		{2C04E4B4-EDEC-4F80-91F9-AA0FEA854086}.Release|Any CPU.Build.0 = Release|Any CPU
		{9B0C7557-7972-441B-B1E8-36C4B1C1AC9E}.Debug|Any CPU.ActiveCfg = Debug|Any CPU
		{9B0C7557-7972-441B-B1E8-36C4B1C1AC9E}.Debug|Any CPU.Build.0 = Debug|Any CPU
		{9B0C7557-7972-441B-B1E8-36C4B1C1AC9E}.Release|Any CPU.ActiveCfg = Release|Any CPU
		{9B0C7557-7972-441B-B1E8-36C4B1C1AC9E}.Release|Any CPU.Build.0 = Release|Any CPU
	EndGlobalSection
	GlobalSection(SolutionProperties) = preSolution
		HideSolutionNode = FALSE
	EndGlobalSection
EndGlobal
